
Microsoft Visual Studio Solution File, Format Version 12.00
# Visual Studio Version 16
VisualStudioVersion = 25.0.1705.7
MinimumVisualStudioVersion = 10.0.40219.1
Project("{FAE04EC0-301F-11D3-BF4B-00C04F79EFBC}") = "CompanyWebsite", "CompanyWebsite\CompanyWebsite.csproj", "{6A15E5C1-B0A8-4BB1-A6AB-1B469C34CCB6}"
EndProject
Project("{FAE04EC0-301F-11D3-BF4B-00C04F79EFBC}") = "CompanyWebsiteLibrary", "CompanyWebsiteLibrary\CompanyWebsiteLibrary.csproj", "{A3538984-32A2-4A13-AA8F-663E269C99A3}"
EndProject
Global
	GlobalSection(SolutionConfigurationPlatforms) = preSolution
		Debug|Any CPU = Debug|Any CPU
		Release|Any CPU = Release|Any CPU
	EndGlobalSection
	GlobalSection(ProjectConfigurationPlatforms) = postSolution
		{6A15E5C1-B0A8-4BB1-A6AB-1B469C34CCB6}.Debug|Any CPU.ActiveCfg = Debug|Any CPU
		{6A15E5C1-B0A8-4BB1-A6AB-1B469C34CCB6}.Debug|Any CPU.Build.0 = Debug|Any CPU
		{6A15E5C1-B0A8-4BB1-A6AB-1B469C34CCB6}.Release|Any CPU.ActiveCfg = Release|Any CPU
		{6A15E5C1-B0A8-4BB1-A6AB-1B469C34CCB6}.Release|Any CPU.Build.0 = Release|Any CPU
		{A3538984-32A2-4A13-AA8F-663E269C99A3}.Debug|Any CPU.ActiveCfg = Debug|Any CPU
		{A3538984-32A2-4A13-AA8F-663E269C99A3}.Debug|Any CPU.Build.0 = Debug|Any CPU
		{A3538984-32A2-4A13-AA8F-663E269C99A3}.Release|Any CPU.ActiveCfg = Release|Any CPU
		{A3538984-32A2-4A13-AA8F-663E269C99A3}.Release|Any CPU.Build.0 = Release|Any CPU
	EndGlobalSection
	GlobalSection(SolutionProperties) = preSolution
		HideSolutionNode = FALSE
	EndGlobalSection
	GlobalSection(ExtensibilityGlobals) = postSolution
		SolutionGuid = {A15E840F-A2F7-4211-BC2E-6D94BA15D870}
	EndGlobalSection
EndGlobal
